<?xml version="1.0" encoding="utf-8"?>
<Project ToolsVersion="4.0" xmlns="http://schemas.microsoft.com/developer/msbuild/2003">
  <ItemGroup>
    <Filter Include="소스 파일">
      <UniqueIdentifier>{4FC737F1-C7A5-4376-A066-2A32D752A2FF}</UniqueIdentifier>
      <Extensions>cpp;c;cc;cxx;def;odl;idl;hpj;bat;asm;asmx</Extensions>
    </Filter>
    <Filter Include="헤더 파일">
      <UniqueIdentifier>{93995380-89BD-4b04-88EB-625FBE52EBFB}</UniqueIdentifier>
      <Extensions>h;hh;hpp;hxx;hm;inl;inc;xsd</Extensions>
    </Filter>
    <Filter Include="리소스 파일">
      <UniqueIdentifier>{67DA6AB6-F800-4c08-8B7A-83BB121AAD01}</UniqueIdentifier>
      <Extensions>rc;ico;cur;bmp;dlg;rc2;rct;bin;rgs;gif;jpg;jpeg;jpe;resx;tiff;tif;png;wav;mfcribbon-ms</Extensions>
    </Filter>
  </ItemGroup>
  <ItemGroup>
    <Text Include="ReadMe.txt" />
  </ItemGroup>
  <ItemGroup>
    <ClCompile Include="BCore.cpp">
      <Filter>소스 파일</Filter>
    </ClCompile>
    <ClCompile Include="BWindow.cpp">
      <Filter>소스 파일</Filter>
    </ClCompile>
    <ClCompile Include="BInput.cpp">
      <Filter>소스 파일</Filter>
    </ClCompile>
    <ClCompile Include="BTimer.cpp">
      <Filter>소스 파일</Filter>
    </ClCompile>
    <ClCompile Include="BBitmap.cpp">
      <Filter>소스 파일</Filter>
    </ClCompile>
    <ClCompile Include="BBitmapMgr.cpp">
      <Filter>소스 파일</Filter>
    </ClCompile>
    <ClCompile Include="BObject.cpp">
      <Filter>소스 파일</Filter>
    </ClCompile>
    <ClCompile Include="BObjectMgr.cpp">
      <Filter>소스 파일</Filter>
    </ClCompile>
    <ClCompile Include="BCollision.cpp">
      <Filter>소스 파일</Filter>
    </ClCompile>
    <ClCompile Include="BSound.cpp">
      <Filter>소스 파일</Filter>
    </ClCompile>
    <ClCompile Include="BNoteMgr.cpp">
      <Filter>소스 파일</Filter>
    </ClCompile>
    <ClCompile Include="BNote.cpp">
      <Filter>소스 파일</Filter>
    </ClCompile>
    <ClCompile Include="BSprite.cpp">
      <Filter>소스 파일</Filter>
    </ClCompile>
    <ClCompile Include="BSpriteMgr.cpp">
      <Filter>소스 파일</Filter>
    </ClCompile>
  </ItemGroup>
  <ItemGroup>
    <ClInclude Include="BCore.h">
      <Filter>헤더 파일</Filter>
    </ClInclude>
    <ClInclude Include="BStd.h">
      <Filter>헤더 파일</Filter>
    </ClInclude>
    <ClInclude Include="BWindow.h">
      <Filter>헤더 파일</Filter>
    </ClInclude>
    <ClInclude Include="BInput.h">
      <Filter>헤더 파일</Filter>
    </ClInclude>
    <ClInclude Include="BTimer.h">
      <Filter>헤더 파일</Filter>
    </ClInclude>
    <ClInclude Include="BBitmap.h">
      <Filter>헤더 파일</Filter>
    </ClInclude>
    <ClInclude Include="BBitmapMgr.h">
      <Filter>헤더 파일</Filter>
    </ClInclude>
    <ClInclude Include="BObject.h">
      <Filter>헤더 파일</Filter>
    </ClInclude>
    <ClInclude Include="BObjectMgr.h">
      <Filter>헤더 파일</Filter>
    </ClInclude>
    <ClInclude Include="BCollision.h">
      <Filter>헤더 파일</Filter>
    </ClInclude>
    <ClInclude Include="BSound.h">
      <Filter>헤더 파일</Filter>
    </ClInclude>
    <ClInclude Include="BNoteMgr.h">
      <Filter>헤더 파일</Filter>
    </ClInclude>
    <ClInclude Include="BNote.h">
      <Filter>헤더 파일</Filter>
    </ClInclude>
    <ClInclude Include="BSprite.h">
      <Filter>헤더 파일</Filter>
    </ClInclude>
    <ClInclude Include="BSpriteMgr.h">
      <Filter>헤더 파일</Filter>
    </ClInclude>
  </ItemGroup>
</Project>